// !$*UTF8*$!
{
	archiveVersion = 1;
	classes = {
	};
	objectVersion = 46;
	objects = {

/* Begin PBXBuildFile section */
		A9EF13141D8D779A008A47B9 /* AppDelegate.swift in Sources */ = {isa = PBXBuildFile; fileRef = A9EF13131D8D779A008A47B9 /* AppDelegate.swift */; };
		A9EF13161D8D779A008A47B9 /* ViewController.swift in Sources */ = {isa = PBXBuildFile; fileRef = A9EF13151D8D779A008A47B9 /* ViewController.swift */; };
		A9EF13191D8D779A008A47B9 /* Main.storyboard in Resources */ = {isa = PBXBuildFile; fileRef = A9EF13171D8D779A008A47B9 /* Main.storyboard */; };
		A9EF131B1D8D779A008A47B9 /* Assets.xcassets in Resources */ = {isa = PBXBuildFile; fileRef = A9EF131A1D8D779A008A47B9 /* Assets.xcassets */; };
		A9EF131E1D8D779A008A47B9 /* LaunchScreen.storyboard in Resources */ = {isa = PBXBuildFile; fileRef = A9EF131C1D8D779A008A47B9 /* LaunchScreen.storyboard */; };
/* End PBXBuildFile section */

/* Begin PBXFileReference section */
		A9EF13101D8D779A008A47B9 /* 7.3.2UILabel_SizingText3.app */ = {isa = PBXFileReference; explicitFileType = wrapper.application; includeInIndex = 0; path = 7.3.2UILabel_SizingText3.app; sourceTree = BUILT_PRODUCTS_DIR; };
		A9EF13131D8D779A008A47B9 /* AppDelegate.swift */ = {isa = PBXFileReference; lastKnownFileType = sourcecode.swift; path = AppDelegate.swift; sourceTree = "<group>"; };
		A9EF13151D8D779A008A47B9 /* ViewController.swift */ = {isa = PBXFileReference; lastKnownFileType = sourcecode.swift; path = ViewController.swift; sourceTree = "<group>"; };
		A9EF13181D8D779A008A47B9 /* Base */ = {isa = PBXFileReference; lastKnownFileType = file.storyboard; name = Base; path = Base.lproj/Main.storyboard; sourceTree = "<group>"; };
		A9EF131A1D8D779A008A47B9 /* Assets.xcassets */ = {isa = PBXFileReference; lastKnownFileType = folder.assetcatalog; path = Assets.xcassets; sourceTree = "<group>"; };
		A9EF131D1D8D779A008A47B9 /* Base */ = {isa = PBXFileReference; lastKnownFileType = file.storyboard; name = Base; path = Base.lproj/LaunchScreen.storyboard; sourceTree = "<group>"; };
		A9EF131F1D8D779A008A47B9 /* Info.plist */ = {isa = PBXFileReference; lastKnownFileType = text.plist.xml; path = Info.plist; sourceTree = "<group>"; };
/* End PBXFileReference section */

/* Begin PBXFrameworksBuildPhase section */
		A9EF130D1D8D779A008A47B9 /* Frameworks */ = {
			isa = PBXFrameworksBuildPhase;
			buildActionMask = 2147483647;
			files = (
			);
			runOnlyForDeploymentPostprocessing = 0;
		};
/* End PBXFrameworksBuildPhase section */

/* Begin PBXGroup section */
		A9EF13071D8D779A008A47B9 = {
			isa = PBXGroup;
			children = (
				A9EF13121D8D779A008A47B9 /* 7.3.2UILabel_SizingText3 */,
				A9EF13111D8D779A008A47B9 /* Products */,
			);
			sourceTree = "<group>";
		};
		A9EF13111D8D779A008A47B9 /* Products */ = {
			isa = PBXGroup;
			children = (
				A9EF13101D8D779A008A47B9 /* 7.3.2UILabel_SizingText3.app */,
			);
			name = Products;
			sourceTree = "<group>";
		};
		A9EF13121D8D779A008A47B9 /* 7.3.2UILabel_SizingText3 */ = {
			isa = PBXGroup;
			children = (
				A9EF13131D8D779A008A47B9 /* AppDelegate.swift */,
				A9EF13151D8D779A008A47B9 /* ViewController.swift */,
				A9EF13171D8D779A008A47B9 /* Main.storyboard */,
				A9EF131A1D8D779A008A47B9 /* Assets.xcassets */,
				A9EF131C1D8D779A008A47B9 /* LaunchScreen.storyboard */,
				A9EF131F1D8D779A008A47B9 /* Info.plist */,
			);
			path = 7.3.2UILabel_SizingText3;
			sourceTree = "<group>";
		};
/* End PBXGroup section */

/* Begin PBXNativeTarget section */
		A9EF130F1D8D779A008A47B9 /* 7.3.2UILabel_SizingText3 */ = {
			isa = PBXNativeTarget;
			buildConfigurationList = A9EF13221D8D779A008A47B9 /* Build configuration list for PBXNativeTarget "7.3.2UILabel_SizingText3" */;
			buildPhases = (
				A9EF130C1D8D779A008A47B9 /* Sources */,
				A9EF130D1D8D779A008A47B9 /* Frameworks */,
				A9EF130E1D8D779A008A47B9 /* Resources */,
			);
			buildRules = (
			);
			dependencies = (
			);
			name = 7.3.2UILabel_SizingText3;
			productName = 7.3.2UILabel_SizingText3;
			productReference = A9EF13101D8D779A008A47B9 /* 7.3.2UILabel_SizingText3.app */;
			productType = "com.apple.product-type.application";
		};
/* End PBXNativeTarget section */

/* Begin PBXProject section */
		A9EF13081D8D779A008A47B9 /* Project object */ = {
			isa = PBXProject;
			attributes = {
				LastSwiftUpdateCheck = 0800;
				LastUpgradeCheck = 0800;
				ORGANIZATIONNAME = www.coolketang.com;
				TargetAttributes = {
					A9EF130F1D8D779A008A47B9 = {
						CreatedOnToolsVersion = 8.0;
						DevelopmentTeam = 7N52H37G65;
						ProvisioningStyle = Automatic;
					};
				};
			};
			buildConfigurationList = A9EF130B1D8D779A008A47B9 /* Build configuration list for PBXProject "7.3.2UILabel_SizingText3" */;
			compatibilityVersion = "Xcode 3.2";
			developmentRegion = English;
			hasScannedForEncodings = 0;
			knownRegions = (
				en,
				Base,
			);
			mainGroup = A9EF13071D8D779A008A47B9;
			productRefGroup = A9EF13111D8D779A008A47B9 /* Products */;
			projectDirPath = "";
			projectRoot = "";
			targets = (
				A9EF130F1D8D779A008A47B9 /* 7.3.2UILabel_SizingText3 */,
			);
		};
/* End PBXProject section */

/* Begin PBXResourcesBuildPhase section */
		A9EF130E1D8D779A008A47B9 /* Resources */ = {
			isa = PBXResourcesBuildPhase;
			buildActionMask = 2147483647;
			files = (
				A9EF131E1D8D779A008A47B9 /* LaunchScreen.storyboard in Resources */,
				A9EF131B1D8D779A008A47B9 /* Assets.xcassets in Resources */,
				A9EF13191D8D779A008A47B9 /* Main.storyboard in Resources */,
			);
			runOnlyForDeploymentPostprocessing = 0;
		};
/* End PBXResourcesBuildPhase section */

/* Begin PBXSourcesBuildPhase section */
		A9EF130C1D8D779A008A47B9 /* Sources */ = {
			isa = PBXSourcesBuildPhase;
			buildActionMask = 2147483647;
			files = (
				A9EF13161D8D779A008A47B9 /* ViewController.swift in Sources */,
				A9EF13141D8D779A008A47B9 /* AppDelegate.swift in Sources */,
			);
			runOnlyForDeploymentPostprocessing = 0;
		};
/* End PBXSourcesBuildPhase section */

/* Begin PBXVariantGroup section */
		A9EF13171D8D779A008A47B9 /* Main.storyboard */ = {
			isa = PBXVariantGroup;
			children = (
				A9EF13181D8D779A008A47B9 /* Base */,
			);
			name = Main.storyboard;
			sourceTree = "<group>";
		};
		A9EF131C1D8D779A008A47B9 /* LaunchScreen.storyboard */ = {
			isa = PBXVariantGroup;
			children = (
				A9EF131D1D8D779A008A47B9 /* Base */,
			);
			name = LaunchScreen.storyboard;
			sourceTree = "<group>";
		};
/* End PBXVariantGroup section */

/* Begin XCBuildConfiguration section */
		A9EF13201D8D779A008A47B9 /* Debug */ = {
			isa = XCBuildConfiguration;
			buildSettings = {
				ALWAYS_SEARCH_USER_PATHS = NO;
				CLANG_ANALYZER_NONNULL = YES;
				CLANG_CXX_LANGUAGE_STANDARD = "gnu++0x";
				CLANG_CXX_LIBRARY = "libc++";
				CLANG_ENABLE_MODULES = YES;
				CLANG_ENABLE_OBJC_ARC = YES;
				CLANG_WARN_BOOL_CONVERSION = YES;
				CLANG_WARN_CONSTANT_CONVERSION = YES;
				CLANG_WARN_DIRECT_OBJC_ISA_USAGE = YES_ERROR;
				CLANG_WARN_DOCUMENTATION_COMMENTS = YES;
				CLANG_WARN_EMPTY_BODY = YES;
				CLANG_WARN_ENUM_CONVERSION = YES;
				CLANG_WARN_INFINITE_RECURSION = YES;
				CLANG_WARN_INT_CONVERSION = YES;
				CLANG_WARN_OBJC_ROOT_CLASS = YES_ERROR;
				CLANG_WARN_SUSPICIOUS_MOVES = YES;
				CLANG_WARN_UNREACHABLE_CODE = YES;
				CLANG_WARN__DUPLICATE_METHOD_MATCH = YES;
				"CODE_SIGN_IDENTITY[sdk=iphoneos*]" = "iPhone Developer";
				COPY_PHASE_STRIP = NO;
				DEBUG_INFORMATION_FORMAT = dwarf;
				ENABLE_STRICT_OBJC_MSGSEND = YES;
				ENABLE_TESTABILITY = YES;
				GCC_C_LANGUAGE_STANDARD = gnu99;
				GCC_DYNAMIC_NO_PIC = NO;
				GCC_NO_COMMON_BLOCKS = YES;
				GCC_OPTIMIZATION_LEVEL = 0;
				GCC_PREPROCESSOR_DEFINITIONS = (
					"DEBUG=1",
					"$(inherited)",
				);
				GCC_WARN_64_TO_32_BIT_CONVERSION = YES;
				GCC_WARN_ABOUT_RETURN_TYPE = YES_ERROR;
				GCC_WARN_UNDECLARED_SELECTOR = YES;
				GCC_WARN_UNINITIALIZED_AUTOS = YES_AGGRESSIVE;
				GCC_WARN_UNUSED_FUNCTION = YES;
				GCC_WARN_UNUSED_VARIABLE = YES;
				IPHONEOS_DEPLOYMENT_TARGET = 10.0;
				MTL_ENABLE_DEBUG_INFO = YES;
				ONLY_ACTIVE_ARCH = YES;
				SDKROOT = iphoneos;
				SWIFT_ACTIVE_COMPILATION_CONDITIONS = DEBUG;
				SWIFT_OPTIMIZATION_LEVEL = "-Onone";
			};
			name = Debug;
		};
		A9EF13211D8D779A008A47B9 /* Release */ = {
			isa = XCBuildConfiguration;
			buildSettings = {
				ALWAYS_SEARCH_USER_PATHS = NO;
				CLANG_ANALYZER_NONNULL = YES;
				CLANG_CXX_LANGUAGE_STANDARD = "gnu++0x";
				CLANG_CXX_LIBRARY = "libc++";
				CLANG_ENABLE_MODULES = YES;
				CLANG_ENABLE_OBJC_ARC = YES;
				CLANG_WARN_BOOL_CONVERSION = YES;
				CLANG_WARN_CONSTANT_CONVERSION = YES;
				CLANG_WARN_DIRECT_OBJC_ISA_USAGE = YES_ERROR;
				CLANG_WARN_DOCUMENTATION_COMMENTS = YES;
				CLANG_WARN_EMPTY_BODY = YES;
				CLANG_WARN_ENUM_CONVERSION = YES;
				CLANG_WARN_INFINITE_RECURSION = YES;
				CLANG_WARN_INT_CONVERSION = YES;
				CLANG_WARN_OBJC_ROOT_CLASS = YES_ERROR;
				CLANG_WARN_SUSPICIOUS_MOVES = YES;
				CLANG_WARN_UNREACHABLE_CODE = YES;
				CLANG_WARN__DUPLICATE_METHOD_MATCH = YES;
				"CODE_SIGN_IDENTITY[sdk=iphoneos*]" = "iPhone Developer";
				COPY_PHASE_STRIP = NO;
				DEBUG_INFORMATION_FORMAT = "dwarf-with-dsym";
				ENABLE_NS_ASSERTIONS = NO;
				ENABLE_STRICT_OBJC_MSGSEND = YES;
				GCC_C_LANGUAGE_STANDARD = gnu99;
				GCC_NO_COMMON_BLOCKS = YES;
				GCC_WARN_64_TO_32_BIT_CONVERSION = YES;
				GCC_WARN_ABOUT_RETURN_TYPE = YES_ERROR;
				GCC_WARN_UNDECLARED_SELECTOR = YES;
				GCC_WARN_UNINITIALIZED_AUTOS = YES_AGGRESSIVE;
				GCC_WARN_UNUSED_FUNCTION = YES;
				GCC_WARN_UNUSED_VARIABLE = YES;
				IPHONEOS_DEPLOYMENT_TARGET = 10.0;
				MTL_ENABLE_DEBUG_INFO = NO;
				SDKROOT = iphoneos;
				SWIFT_OPTIMIZATION_LEVEL = "-Owholemodule";
				VALIDATE_PRODUCT = YES;
			};
			name = Release;
		};
		A9EF13231D8D779A008A47B9 /* Debug */ = {
			isa = XCBuildConfiguration;
			buildSettings = {
				ASSETCATALOG_COMPILER_APPICON_NAME = AppIcon;
				DEVELOPMENT_TEAM = 7N52H37G65;
				INFOPLIST_FILE = 7.3.2UILabel_SizingText3/Info.plist;
				LD_RUNPATH_SEARCH_PATHS = "$(inherited) @executable_path/Frameworks";
				PRODUCT_BUNDLE_IDENTIFIER = "com.creditease.--3-2UILabel-SizingText3";
				PRODUCT_NAME = "$(TARGET_NAME)";
				SWIFT_VERSION = 3.0;
			};
			name = Debug;
		};
		A9EF13241D8D779A008A47B9 /* Release */ = {
			isa = XCBuildConfiguration;
			buildSettings = {
				ASSETCATALOG_COMPILER_APPICON_NAME = AppIcon;
				DEVELOPMENT_TEAM = 7N52H37G65;
				INFOPLIST_FILE = 7.3.2UILabel_SizingText3/Info.plist;
				LD_RUNPATH_SEARCH_PATHS = "$(inherited) @executable_path/Frameworks";
				PRODUCT_BUNDLE_IDENTIFIER = "com.creditease.--3-2UILabel-SizingText3";
				PRODUCT_NAME = "$(TARGET_NAME)";
				SWIFT_VERSION = 3.0;
			};
			name = Release;
		};
/* End XCBuildConfiguration section */

/* Begin XCConfigurationList section */
		A9EF130B1D8D779A008A47B9 /* Build configuration list for PBXProject "7.3.2UILabel_SizingText3" */ = {
			isa = XCConfigurationList;
			buildConfigurations = (
				A9EF13201D8D779A008A47B9 /* Debug */,
				A9EF13211D8D779A008A47B9 /* Release */,
			);
			defaultConfigurationIsVisible = 0;
			defaultConfigurationName = Release;
		};
		A9EF13221D8D779A008A47B9 /* Build configuration list for PBXNativeTarget "7.3.2UILabel_SizingText3" */ = {
			isa = XCConfigurationList;
			buildConfigurations = (
				A9EF13231D8D779A008A47B9 /* Debug */,
				A9EF13241D8D779A008A47B9 /* Release */,
			);
			defaultConfigurationIsVisible = 0;
		};
/* End XCConfigurationList section */
	};
	rootObject = A9EF13081D8D779A008A47B9 /* Project object */;
}
