// !$*UTF8*$!
{
	archiveVersion = 1;
	classes = {
	};
	objectVersion = 50;
	objects = {

/* Begin PBXBuildFile section */
<<<<<<< HEAD
		3FE63FDB226368CD00C9E44C /* AppDelegate.swift in Sources */ = {isa = PBXBuildFile; fileRef = 3FE63FDA226368CD00C9E44C /* AppDelegate.swift */; };
		3FE63FDD226368CD00C9E44C /* ViewController.swift in Sources */ = {isa = PBXBuildFile; fileRef = 3FE63FDC226368CD00C9E44C /* ViewController.swift */; };
		3FE63FE0226368CD00C9E44C /* Main.storyboard in Resources */ = {isa = PBXBuildFile; fileRef = 3FE63FDE226368CD00C9E44C /* Main.storyboard */; };
		3FE63FE2226368D300C9E44C /* Assets.xcassets in Resources */ = {isa = PBXBuildFile; fileRef = 3FE63FE1226368D300C9E44C /* Assets.xcassets */; };
		3FE63FE5226368D300C9E44C /* LaunchScreen.storyboard in Resources */ = {isa = PBXBuildFile; fileRef = 3FE63FE3226368D300C9E44C /* LaunchScreen.storyboard */; };
/* End PBXBuildFile section */

/* Begin PBXFileReference section */
		3FE63FD7226368CD00C9E44C /* TouchEvent_TouchView.app */ = {isa = PBXFileReference; explicitFileType = wrapper.application; includeInIndex = 0; path = TouchEvent_TouchView.app; sourceTree = BUILT_PRODUCTS_DIR; };
		3FE63FDA226368CD00C9E44C /* AppDelegate.swift */ = {isa = PBXFileReference; lastKnownFileType = sourcecode.swift; path = AppDelegate.swift; sourceTree = "<group>"; };
		3FE63FDC226368CD00C9E44C /* ViewController.swift */ = {isa = PBXFileReference; lastKnownFileType = sourcecode.swift; path = ViewController.swift; sourceTree = "<group>"; };
		3FE63FDF226368CD00C9E44C /* Base */ = {isa = PBXFileReference; lastKnownFileType = file.storyboard; name = Base; path = Base.lproj/Main.storyboard; sourceTree = "<group>"; };
		3FE63FE1226368D300C9E44C /* Assets.xcassets */ = {isa = PBXFileReference; lastKnownFileType = folder.assetcatalog; path = Assets.xcassets; sourceTree = "<group>"; };
		3FE63FE4226368D300C9E44C /* Base */ = {isa = PBXFileReference; lastKnownFileType = file.storyboard; name = Base; path = Base.lproj/LaunchScreen.storyboard; sourceTree = "<group>"; };
		3FE63FE6226368D300C9E44C /* Info.plist */ = {isa = PBXFileReference; lastKnownFileType = text.plist.xml; path = Info.plist; sourceTree = "<group>"; };
/* End PBXFileReference section */

/* Begin PBXFrameworksBuildPhase section */
		3FE63FD4226368CD00C9E44C /* Frameworks */ = {
=======
		3F810B4C2264681500165D41 /* AppDelegate.swift in Sources */ = {isa = PBXBuildFile; fileRef = 3F810B4B2264681500165D41 /* AppDelegate.swift */; };
		3F810B4E2264681500165D41 /* ViewController.swift in Sources */ = {isa = PBXBuildFile; fileRef = 3F810B4D2264681500165D41 /* ViewController.swift */; };
		3F810B512264681500165D41 /* Main.storyboard in Resources */ = {isa = PBXBuildFile; fileRef = 3F810B4F2264681500165D41 /* Main.storyboard */; };
		3F810B532264681700165D41 /* Assets.xcassets in Resources */ = {isa = PBXBuildFile; fileRef = 3F810B522264681700165D41 /* Assets.xcassets */; };
		3F810B562264681700165D41 /* LaunchScreen.storyboard in Resources */ = {isa = PBXBuildFile; fileRef = 3F810B542264681700165D41 /* LaunchScreen.storyboard */; };
/* End PBXBuildFile section */

/* Begin PBXFileReference section */
		3F810B482264681500165D41 /* TouchEvent_TouchView.app */ = {isa = PBXFileReference; explicitFileType = wrapper.application; includeInIndex = 0; path = TouchEvent_TouchView.app; sourceTree = BUILT_PRODUCTS_DIR; };
		3F810B4B2264681500165D41 /* AppDelegate.swift */ = {isa = PBXFileReference; lastKnownFileType = sourcecode.swift; path = AppDelegate.swift; sourceTree = "<group>"; };
		3F810B4D2264681500165D41 /* ViewController.swift */ = {isa = PBXFileReference; lastKnownFileType = sourcecode.swift; path = ViewController.swift; sourceTree = "<group>"; };
		3F810B502264681500165D41 /* Base */ = {isa = PBXFileReference; lastKnownFileType = file.storyboard; name = Base; path = Base.lproj/Main.storyboard; sourceTree = "<group>"; };
		3F810B522264681700165D41 /* Assets.xcassets */ = {isa = PBXFileReference; lastKnownFileType = folder.assetcatalog; path = Assets.xcassets; sourceTree = "<group>"; };
		3F810B552264681700165D41 /* Base */ = {isa = PBXFileReference; lastKnownFileType = file.storyboard; name = Base; path = Base.lproj/LaunchScreen.storyboard; sourceTree = "<group>"; };
		3F810B572264681700165D41 /* Info.plist */ = {isa = PBXFileReference; lastKnownFileType = text.plist.xml; path = Info.plist; sourceTree = "<group>"; };
/* End PBXFileReference section */

/* Begin PBXFrameworksBuildPhase section */
		3F810B452264681500165D41 /* Frameworks */ = {
>>>>>>> 44b85988c992365bc3705c5ac3a948f42bb4a051
			isa = PBXFrameworksBuildPhase;
			buildActionMask = 2147483647;
			files = (
			);
			runOnlyForDeploymentPostprocessing = 0;
		};
/* End PBXFrameworksBuildPhase section */

/* Begin PBXGroup section */
<<<<<<< HEAD
		3FE63FCE226368CD00C9E44C = {
			isa = PBXGroup;
			children = (
				3FE63FD9226368CD00C9E44C /* TouchEvent_TouchView */,
				3FE63FD8226368CD00C9E44C /* Products */,
			);
			sourceTree = "<group>";
		};
		3FE63FD8226368CD00C9E44C /* Products */ = {
			isa = PBXGroup;
			children = (
				3FE63FD7226368CD00C9E44C /* TouchEvent_TouchView.app */,
=======
		3F810B3F2264681500165D41 = {
			isa = PBXGroup;
			children = (
				3F810B4A2264681500165D41 /* TouchEvent_TouchView */,
				3F810B492264681500165D41 /* Products */,
			);
			sourceTree = "<group>";
		};
		3F810B492264681500165D41 /* Products */ = {
			isa = PBXGroup;
			children = (
				3F810B482264681500165D41 /* TouchEvent_TouchView.app */,
>>>>>>> 44b85988c992365bc3705c5ac3a948f42bb4a051
			);
			name = Products;
			sourceTree = "<group>";
		};
<<<<<<< HEAD
		3FE63FD9226368CD00C9E44C /* TouchEvent_TouchView */ = {
			isa = PBXGroup;
			children = (
				3FE63FDA226368CD00C9E44C /* AppDelegate.swift */,
				3FE63FDC226368CD00C9E44C /* ViewController.swift */,
				3FE63FDE226368CD00C9E44C /* Main.storyboard */,
				3FE63FE1226368D300C9E44C /* Assets.xcassets */,
				3FE63FE3226368D300C9E44C /* LaunchScreen.storyboard */,
				3FE63FE6226368D300C9E44C /* Info.plist */,
=======
		3F810B4A2264681500165D41 /* TouchEvent_TouchView */ = {
			isa = PBXGroup;
			children = (
				3F810B4B2264681500165D41 /* AppDelegate.swift */,
				3F810B4D2264681500165D41 /* ViewController.swift */,
				3F810B4F2264681500165D41 /* Main.storyboard */,
				3F810B522264681700165D41 /* Assets.xcassets */,
				3F810B542264681700165D41 /* LaunchScreen.storyboard */,
				3F810B572264681700165D41 /* Info.plist */,
>>>>>>> 44b85988c992365bc3705c5ac3a948f42bb4a051
			);
			path = TouchEvent_TouchView;
			sourceTree = "<group>";
		};
/* End PBXGroup section */

/* Begin PBXNativeTarget section */
<<<<<<< HEAD
		3FE63FD6226368CD00C9E44C /* TouchEvent_TouchView */ = {
			isa = PBXNativeTarget;
			buildConfigurationList = 3FE63FE9226368D300C9E44C /* Build configuration list for PBXNativeTarget "TouchEvent_TouchView" */;
			buildPhases = (
				3FE63FD3226368CD00C9E44C /* Sources */,
				3FE63FD4226368CD00C9E44C /* Frameworks */,
				3FE63FD5226368CD00C9E44C /* Resources */,
=======
		3F810B472264681500165D41 /* TouchEvent_TouchView */ = {
			isa = PBXNativeTarget;
			buildConfigurationList = 3F810B5A2264681700165D41 /* Build configuration list for PBXNativeTarget "TouchEvent_TouchView" */;
			buildPhases = (
				3F810B442264681500165D41 /* Sources */,
				3F810B452264681500165D41 /* Frameworks */,
				3F810B462264681500165D41 /* Resources */,
>>>>>>> 44b85988c992365bc3705c5ac3a948f42bb4a051
			);
			buildRules = (
			);
			dependencies = (
			);
			name = TouchEvent_TouchView;
			productName = TouchEvent_TouchView;
<<<<<<< HEAD
			productReference = 3FE63FD7226368CD00C9E44C /* TouchEvent_TouchView.app */;
=======
			productReference = 3F810B482264681500165D41 /* TouchEvent_TouchView.app */;
>>>>>>> 44b85988c992365bc3705c5ac3a948f42bb4a051
			productType = "com.apple.product-type.application";
		};
/* End PBXNativeTarget section */

/* Begin PBXProject section */
<<<<<<< HEAD
		3FE63FCF226368CD00C9E44C /* Project object */ = {
			isa = PBXProject;
			attributes = {
				LastSwiftUpdateCheck = 1020;
				LastUpgradeCheck = 1020;
				ORGANIZATIONNAME = CoderDream;
				TargetAttributes = {
					3FE63FD6226368CD00C9E44C = {
						CreatedOnToolsVersion = 10.2;
					};
				};
			};
			buildConfigurationList = 3FE63FD2226368CD00C9E44C /* Build configuration list for PBXProject "TouchEvent_TouchView" */;
=======
		3F810B402264681500165D41 /* Project object */ = {
			isa = PBXProject;
			attributes = {
				LastSwiftUpdateCheck = 1010;
				LastUpgradeCheck = 1010;
				ORGANIZATIONNAME = CoderDream;
				TargetAttributes = {
					3F810B472264681500165D41 = {
						CreatedOnToolsVersion = 10.1;
					};
				};
			};
			buildConfigurationList = 3F810B432264681500165D41 /* Build configuration list for PBXProject "TouchEvent_TouchView" */;
>>>>>>> 44b85988c992365bc3705c5ac3a948f42bb4a051
			compatibilityVersion = "Xcode 9.3";
			developmentRegion = en;
			hasScannedForEncodings = 0;
			knownRegions = (
				en,
				Base,
			);
<<<<<<< HEAD
			mainGroup = 3FE63FCE226368CD00C9E44C;
			productRefGroup = 3FE63FD8226368CD00C9E44C /* Products */;
			projectDirPath = "";
			projectRoot = "";
			targets = (
				3FE63FD6226368CD00C9E44C /* TouchEvent_TouchView */,
=======
			mainGroup = 3F810B3F2264681500165D41;
			productRefGroup = 3F810B492264681500165D41 /* Products */;
			projectDirPath = "";
			projectRoot = "";
			targets = (
				3F810B472264681500165D41 /* TouchEvent_TouchView */,
>>>>>>> 44b85988c992365bc3705c5ac3a948f42bb4a051
			);
		};
/* End PBXProject section */

/* Begin PBXResourcesBuildPhase section */
<<<<<<< HEAD
		3FE63FD5226368CD00C9E44C /* Resources */ = {
			isa = PBXResourcesBuildPhase;
			buildActionMask = 2147483647;
			files = (
				3FE63FE5226368D300C9E44C /* LaunchScreen.storyboard in Resources */,
				3FE63FE2226368D300C9E44C /* Assets.xcassets in Resources */,
				3FE63FE0226368CD00C9E44C /* Main.storyboard in Resources */,
=======
		3F810B462264681500165D41 /* Resources */ = {
			isa = PBXResourcesBuildPhase;
			buildActionMask = 2147483647;
			files = (
				3F810B562264681700165D41 /* LaunchScreen.storyboard in Resources */,
				3F810B532264681700165D41 /* Assets.xcassets in Resources */,
				3F810B512264681500165D41 /* Main.storyboard in Resources */,
>>>>>>> 44b85988c992365bc3705c5ac3a948f42bb4a051
			);
			runOnlyForDeploymentPostprocessing = 0;
		};
/* End PBXResourcesBuildPhase section */

/* Begin PBXSourcesBuildPhase section */
<<<<<<< HEAD
		3FE63FD3226368CD00C9E44C /* Sources */ = {
			isa = PBXSourcesBuildPhase;
			buildActionMask = 2147483647;
			files = (
				3FE63FDD226368CD00C9E44C /* ViewController.swift in Sources */,
				3FE63FDB226368CD00C9E44C /* AppDelegate.swift in Sources */,
=======
		3F810B442264681500165D41 /* Sources */ = {
			isa = PBXSourcesBuildPhase;
			buildActionMask = 2147483647;
			files = (
				3F810B4E2264681500165D41 /* ViewController.swift in Sources */,
				3F810B4C2264681500165D41 /* AppDelegate.swift in Sources */,
>>>>>>> 44b85988c992365bc3705c5ac3a948f42bb4a051
			);
			runOnlyForDeploymentPostprocessing = 0;
		};
/* End PBXSourcesBuildPhase section */

/* Begin PBXVariantGroup section */
<<<<<<< HEAD
		3FE63FDE226368CD00C9E44C /* Main.storyboard */ = {
			isa = PBXVariantGroup;
			children = (
				3FE63FDF226368CD00C9E44C /* Base */,
=======
		3F810B4F2264681500165D41 /* Main.storyboard */ = {
			isa = PBXVariantGroup;
			children = (
				3F810B502264681500165D41 /* Base */,
>>>>>>> 44b85988c992365bc3705c5ac3a948f42bb4a051
			);
			name = Main.storyboard;
			sourceTree = "<group>";
		};
<<<<<<< HEAD
		3FE63FE3226368D300C9E44C /* LaunchScreen.storyboard */ = {
			isa = PBXVariantGroup;
			children = (
				3FE63FE4226368D300C9E44C /* Base */,
=======
		3F810B542264681700165D41 /* LaunchScreen.storyboard */ = {
			isa = PBXVariantGroup;
			children = (
				3F810B552264681700165D41 /* Base */,
>>>>>>> 44b85988c992365bc3705c5ac3a948f42bb4a051
			);
			name = LaunchScreen.storyboard;
			sourceTree = "<group>";
		};
/* End PBXVariantGroup section */

/* Begin XCBuildConfiguration section */
<<<<<<< HEAD
		3FE63FE7226368D300C9E44C /* Debug */ = {
=======
		3F810B582264681700165D41 /* Debug */ = {
>>>>>>> 44b85988c992365bc3705c5ac3a948f42bb4a051
			isa = XCBuildConfiguration;
			buildSettings = {
				ALWAYS_SEARCH_USER_PATHS = NO;
				CLANG_ANALYZER_NONNULL = YES;
				CLANG_ANALYZER_NUMBER_OBJECT_CONVERSION = YES_AGGRESSIVE;
				CLANG_CXX_LANGUAGE_STANDARD = "gnu++14";
				CLANG_CXX_LIBRARY = "libc++";
				CLANG_ENABLE_MODULES = YES;
				CLANG_ENABLE_OBJC_ARC = YES;
				CLANG_ENABLE_OBJC_WEAK = YES;
				CLANG_WARN_BLOCK_CAPTURE_AUTORELEASING = YES;
				CLANG_WARN_BOOL_CONVERSION = YES;
				CLANG_WARN_COMMA = YES;
				CLANG_WARN_CONSTANT_CONVERSION = YES;
				CLANG_WARN_DEPRECATED_OBJC_IMPLEMENTATIONS = YES;
				CLANG_WARN_DIRECT_OBJC_ISA_USAGE = YES_ERROR;
				CLANG_WARN_DOCUMENTATION_COMMENTS = YES;
				CLANG_WARN_EMPTY_BODY = YES;
				CLANG_WARN_ENUM_CONVERSION = YES;
				CLANG_WARN_INFINITE_RECURSION = YES;
				CLANG_WARN_INT_CONVERSION = YES;
				CLANG_WARN_NON_LITERAL_NULL_CONVERSION = YES;
				CLANG_WARN_OBJC_IMPLICIT_RETAIN_SELF = YES;
				CLANG_WARN_OBJC_LITERAL_CONVERSION = YES;
				CLANG_WARN_OBJC_ROOT_CLASS = YES_ERROR;
				CLANG_WARN_RANGE_LOOP_ANALYSIS = YES;
				CLANG_WARN_STRICT_PROTOTYPES = YES;
				CLANG_WARN_SUSPICIOUS_MOVE = YES;
				CLANG_WARN_UNGUARDED_AVAILABILITY = YES_AGGRESSIVE;
				CLANG_WARN_UNREACHABLE_CODE = YES;
				CLANG_WARN__DUPLICATE_METHOD_MATCH = YES;
				CODE_SIGN_IDENTITY = "iPhone Developer";
				COPY_PHASE_STRIP = NO;
				DEBUG_INFORMATION_FORMAT = dwarf;
				ENABLE_STRICT_OBJC_MSGSEND = YES;
				ENABLE_TESTABILITY = YES;
				GCC_C_LANGUAGE_STANDARD = gnu11;
				GCC_DYNAMIC_NO_PIC = NO;
				GCC_NO_COMMON_BLOCKS = YES;
				GCC_OPTIMIZATION_LEVEL = 0;
				GCC_PREPROCESSOR_DEFINITIONS = (
					"DEBUG=1",
					"$(inherited)",
				);
				GCC_WARN_64_TO_32_BIT_CONVERSION = YES;
				GCC_WARN_ABOUT_RETURN_TYPE = YES_ERROR;
				GCC_WARN_UNDECLARED_SELECTOR = YES;
				GCC_WARN_UNINITIALIZED_AUTOS = YES_AGGRESSIVE;
				GCC_WARN_UNUSED_FUNCTION = YES;
				GCC_WARN_UNUSED_VARIABLE = YES;
<<<<<<< HEAD
				IPHONEOS_DEPLOYMENT_TARGET = 12.2;
=======
				IPHONEOS_DEPLOYMENT_TARGET = 12.1;
>>>>>>> 44b85988c992365bc3705c5ac3a948f42bb4a051
				MTL_ENABLE_DEBUG_INFO = INCLUDE_SOURCE;
				MTL_FAST_MATH = YES;
				ONLY_ACTIVE_ARCH = YES;
				SDKROOT = iphoneos;
				SWIFT_ACTIVE_COMPILATION_CONDITIONS = DEBUG;
				SWIFT_OPTIMIZATION_LEVEL = "-Onone";
			};
			name = Debug;
		};
<<<<<<< HEAD
		3FE63FE8226368D300C9E44C /* Release */ = {
=======
		3F810B592264681700165D41 /* Release */ = {
>>>>>>> 44b85988c992365bc3705c5ac3a948f42bb4a051
			isa = XCBuildConfiguration;
			buildSettings = {
				ALWAYS_SEARCH_USER_PATHS = NO;
				CLANG_ANALYZER_NONNULL = YES;
				CLANG_ANALYZER_NUMBER_OBJECT_CONVERSION = YES_AGGRESSIVE;
				CLANG_CXX_LANGUAGE_STANDARD = "gnu++14";
				CLANG_CXX_LIBRARY = "libc++";
				CLANG_ENABLE_MODULES = YES;
				CLANG_ENABLE_OBJC_ARC = YES;
				CLANG_ENABLE_OBJC_WEAK = YES;
				CLANG_WARN_BLOCK_CAPTURE_AUTORELEASING = YES;
				CLANG_WARN_BOOL_CONVERSION = YES;
				CLANG_WARN_COMMA = YES;
				CLANG_WARN_CONSTANT_CONVERSION = YES;
				CLANG_WARN_DEPRECATED_OBJC_IMPLEMENTATIONS = YES;
				CLANG_WARN_DIRECT_OBJC_ISA_USAGE = YES_ERROR;
				CLANG_WARN_DOCUMENTATION_COMMENTS = YES;
				CLANG_WARN_EMPTY_BODY = YES;
				CLANG_WARN_ENUM_CONVERSION = YES;
				CLANG_WARN_INFINITE_RECURSION = YES;
				CLANG_WARN_INT_CONVERSION = YES;
				CLANG_WARN_NON_LITERAL_NULL_CONVERSION = YES;
				CLANG_WARN_OBJC_IMPLICIT_RETAIN_SELF = YES;
				CLANG_WARN_OBJC_LITERAL_CONVERSION = YES;
				CLANG_WARN_OBJC_ROOT_CLASS = YES_ERROR;
				CLANG_WARN_RANGE_LOOP_ANALYSIS = YES;
				CLANG_WARN_STRICT_PROTOTYPES = YES;
				CLANG_WARN_SUSPICIOUS_MOVE = YES;
				CLANG_WARN_UNGUARDED_AVAILABILITY = YES_AGGRESSIVE;
				CLANG_WARN_UNREACHABLE_CODE = YES;
				CLANG_WARN__DUPLICATE_METHOD_MATCH = YES;
				CODE_SIGN_IDENTITY = "iPhone Developer";
				COPY_PHASE_STRIP = NO;
				DEBUG_INFORMATION_FORMAT = "dwarf-with-dsym";
				ENABLE_NS_ASSERTIONS = NO;
				ENABLE_STRICT_OBJC_MSGSEND = YES;
				GCC_C_LANGUAGE_STANDARD = gnu11;
				GCC_NO_COMMON_BLOCKS = YES;
				GCC_WARN_64_TO_32_BIT_CONVERSION = YES;
				GCC_WARN_ABOUT_RETURN_TYPE = YES_ERROR;
				GCC_WARN_UNDECLARED_SELECTOR = YES;
				GCC_WARN_UNINITIALIZED_AUTOS = YES_AGGRESSIVE;
				GCC_WARN_UNUSED_FUNCTION = YES;
				GCC_WARN_UNUSED_VARIABLE = YES;
<<<<<<< HEAD
				IPHONEOS_DEPLOYMENT_TARGET = 12.2;
=======
				IPHONEOS_DEPLOYMENT_TARGET = 12.1;
>>>>>>> 44b85988c992365bc3705c5ac3a948f42bb4a051
				MTL_ENABLE_DEBUG_INFO = NO;
				MTL_FAST_MATH = YES;
				SDKROOT = iphoneos;
				SWIFT_COMPILATION_MODE = wholemodule;
				SWIFT_OPTIMIZATION_LEVEL = "-O";
				VALIDATE_PRODUCT = YES;
			};
			name = Release;
		};
<<<<<<< HEAD
		3FE63FEA226368D300C9E44C /* Debug */ = {
=======
		3F810B5B2264681700165D41 /* Debug */ = {
>>>>>>> 44b85988c992365bc3705c5ac3a948f42bb4a051
			isa = XCBuildConfiguration;
			buildSettings = {
				ASSETCATALOG_COMPILER_APPICON_NAME = AppIcon;
				CODE_SIGN_STYLE = Automatic;
				DEVELOPMENT_TEAM = 6GP5VW643M;
				INFOPLIST_FILE = TouchEvent_TouchView/Info.plist;
				LD_RUNPATH_SEARCH_PATHS = (
					"$(inherited)",
					"@executable_path/Frameworks",
				);
				PRODUCT_BUNDLE_IDENTIFIER = com.coderdream126.UITableView;
				PRODUCT_NAME = "$(TARGET_NAME)";
<<<<<<< HEAD
				SWIFT_VERSION = 5.0;
=======
				SWIFT_VERSION = 4.2;
>>>>>>> 44b85988c992365bc3705c5ac3a948f42bb4a051
				TARGETED_DEVICE_FAMILY = "1,2";
			};
			name = Debug;
		};
<<<<<<< HEAD
		3FE63FEB226368D300C9E44C /* Release */ = {
=======
		3F810B5C2264681700165D41 /* Release */ = {
>>>>>>> 44b85988c992365bc3705c5ac3a948f42bb4a051
			isa = XCBuildConfiguration;
			buildSettings = {
				ASSETCATALOG_COMPILER_APPICON_NAME = AppIcon;
				CODE_SIGN_STYLE = Automatic;
				DEVELOPMENT_TEAM = 6GP5VW643M;
				INFOPLIST_FILE = TouchEvent_TouchView/Info.plist;
				LD_RUNPATH_SEARCH_PATHS = (
					"$(inherited)",
					"@executable_path/Frameworks",
				);
				PRODUCT_BUNDLE_IDENTIFIER = com.coderdream126.UITableView;
				PRODUCT_NAME = "$(TARGET_NAME)";
<<<<<<< HEAD
				SWIFT_VERSION = 5.0;
=======
				SWIFT_VERSION = 4.2;
>>>>>>> 44b85988c992365bc3705c5ac3a948f42bb4a051
				TARGETED_DEVICE_FAMILY = "1,2";
			};
			name = Release;
		};
/* End XCBuildConfiguration section */

/* Begin XCConfigurationList section */
<<<<<<< HEAD
		3FE63FD2226368CD00C9E44C /* Build configuration list for PBXProject "TouchEvent_TouchView" */ = {
			isa = XCConfigurationList;
			buildConfigurations = (
				3FE63FE7226368D300C9E44C /* Debug */,
				3FE63FE8226368D300C9E44C /* Release */,
=======
		3F810B432264681500165D41 /* Build configuration list for PBXProject "TouchEvent_TouchView" */ = {
			isa = XCConfigurationList;
			buildConfigurations = (
				3F810B582264681700165D41 /* Debug */,
				3F810B592264681700165D41 /* Release */,
>>>>>>> 44b85988c992365bc3705c5ac3a948f42bb4a051
			);
			defaultConfigurationIsVisible = 0;
			defaultConfigurationName = Release;
		};
<<<<<<< HEAD
		3FE63FE9226368D300C9E44C /* Build configuration list for PBXNativeTarget "TouchEvent_TouchView" */ = {
			isa = XCConfigurationList;
			buildConfigurations = (
				3FE63FEA226368D300C9E44C /* Debug */,
				3FE63FEB226368D300C9E44C /* Release */,
=======
		3F810B5A2264681700165D41 /* Build configuration list for PBXNativeTarget "TouchEvent_TouchView" */ = {
			isa = XCConfigurationList;
			buildConfigurations = (
				3F810B5B2264681700165D41 /* Debug */,
				3F810B5C2264681700165D41 /* Release */,
>>>>>>> 44b85988c992365bc3705c5ac3a948f42bb4a051
			);
			defaultConfigurationIsVisible = 0;
			defaultConfigurationName = Release;
		};
/* End XCConfigurationList section */
	};
<<<<<<< HEAD
	rootObject = 3FE63FCF226368CD00C9E44C /* Project object */;
=======
	rootObject = 3F810B402264681500165D41 /* Project object */;
>>>>>>> 44b85988c992365bc3705c5ac3a948f42bb4a051
}
