// !$*UTF8*$!
{
	archiveVersion = 1;
	classes = {
	};
	objectVersion = 46;
	objects = {

/* Begin PBXBuildFile section */
		A97BEBF21D2D57A100DF315C /* AppDelegate.swift in Sources */ = {isa = PBXBuildFile; fileRef = A97BEBF11D2D57A100DF315C /* AppDelegate.swift */; };
		A97BEBF41D2D57A100DF315C /* ViewController.swift in Sources */ = {isa = PBXBuildFile; fileRef = A97BEBF31D2D57A100DF315C /* ViewController.swift */; };
		A97BEBF71D2D57A100DF315C /* Main.storyboard in Resources */ = {isa = PBXBuildFile; fileRef = A97BEBF51D2D57A100DF315C /* Main.storyboard */; };
		A97BEBF91D2D57A100DF315C /* Assets.xcassets in Resources */ = {isa = PBXBuildFile; fileRef = A97BEBF81D2D57A100DF315C /* Assets.xcassets */; };
		A97BEBFC1D2D57A100DF315C /* LaunchScreen.storyboard in Resources */ = {isa = PBXBuildFile; fileRef = A97BEBFA1D2D57A100DF315C /* LaunchScreen.storyboard */; };
		A97BEC051D2D5E4800DF315C /* btn_floatingAction@2x.png in Resources */ = {isa = PBXBuildFile; fileRef = A97BEC031D2D5E4800DF315C /* btn_floatingAction@2x.png */; };
		A97BEC061D2D5E4800DF315C /* btn_floatingAction@3x.png in Resources */ = {isa = PBXBuildFile; fileRef = A97BEC041D2D5E4800DF315C /* btn_floatingAction@3x.png */; };
/* End PBXBuildFile section */

/* Begin PBXFileReference section */
		A97BEBEE1D2D57A100DF315C /* 07UIButtonTintColorExample.app */ = {isa = PBXFileReference; explicitFileType = wrapper.application; includeInIndex = 0; path = 07UIButtonTintColorExample.app; sourceTree = BUILT_PRODUCTS_DIR; };
		A97BEBF11D2D57A100DF315C /* AppDelegate.swift */ = {isa = PBXFileReference; lastKnownFileType = sourcecode.swift; path = AppDelegate.swift; sourceTree = "<group>"; };
		A97BEBF31D2D57A100DF315C /* ViewController.swift */ = {isa = PBXFileReference; lastKnownFileType = sourcecode.swift; path = ViewController.swift; sourceTree = "<group>"; };
		A97BEBF61D2D57A100DF315C /* Base */ = {isa = PBXFileReference; lastKnownFileType = file.storyboard; name = Base; path = Base.lproj/Main.storyboard; sourceTree = "<group>"; };
		A97BEBF81D2D57A100DF315C /* Assets.xcassets */ = {isa = PBXFileReference; lastKnownFileType = folder.assetcatalog; path = Assets.xcassets; sourceTree = "<group>"; };
		A97BEBFB1D2D57A100DF315C /* Base */ = {isa = PBXFileReference; lastKnownFileType = file.storyboard; name = Base; path = Base.lproj/LaunchScreen.storyboard; sourceTree = "<group>"; };
		A97BEBFD1D2D57A100DF315C /* Info.plist */ = {isa = PBXFileReference; lastKnownFileType = text.plist.xml; path = Info.plist; sourceTree = "<group>"; };
		A97BEC031D2D5E4800DF315C /* btn_floatingAction@2x.png */ = {isa = PBXFileReference; lastKnownFileType = image.png; path = "btn_floatingAction@2x.png"; sourceTree = "<group>"; };
		A97BEC041D2D5E4800DF315C /* btn_floatingAction@3x.png */ = {isa = PBXFileReference; lastKnownFileType = image.png; path = "btn_floatingAction@3x.png"; sourceTree = "<group>"; };
/* End PBXFileReference section */

/* Begin PBXFrameworksBuildPhase section */
		A97BEBEB1D2D57A100DF315C /* Frameworks */ = {
			isa = PBXFrameworksBuildPhase;
			buildActionMask = 2147483647;
			files = (
			);
			runOnlyForDeploymentPostprocessing = 0;
		};
/* End PBXFrameworksBuildPhase section */

/* Begin PBXGroup section */
		A97BEBE51D2D57A100DF315C = {
			isa = PBXGroup;
			children = (
				A97BEBF01D2D57A100DF315C /* 07UIButtonTintColorExample */,
				A97BEBEF1D2D57A100DF315C /* Products */,
			);
			sourceTree = "<group>";
		};
		A97BEBEF1D2D57A100DF315C /* Products */ = {
			isa = PBXGroup;
			children = (
				A97BEBEE1D2D57A100DF315C /* 07UIButtonTintColorExample.app */,
			);
			name = Products;
			sourceTree = "<group>";
		};
		A97BEBF01D2D57A100DF315C /* 07UIButtonTintColorExample */ = {
			isa = PBXGroup;
			children = (
				A97BEBF11D2D57A100DF315C /* AppDelegate.swift */,
				A97BEBF31D2D57A100DF315C /* ViewController.swift */,
				A97BEBF51D2D57A100DF315C /* Main.storyboard */,
				A97BEBF81D2D57A100DF315C /* Assets.xcassets */,
				A97BEBFA1D2D57A100DF315C /* LaunchScreen.storyboard */,
				A97BEC031D2D5E4800DF315C /* btn_floatingAction@2x.png */,
				A97BEC041D2D5E4800DF315C /* btn_floatingAction@3x.png */,
				A97BEBFD1D2D57A100DF315C /* Info.plist */,
			);
			path = 07UIButtonTintColorExample;
			sourceTree = "<group>";
		};
/* End PBXGroup section */

/* Begin PBXNativeTarget section */
		A97BEBED1D2D57A100DF315C /* 07UIButtonTintColorExample */ = {
			isa = PBXNativeTarget;
			buildConfigurationList = A97BEC001D2D57A100DF315C /* Build configuration list for PBXNativeTarget "07UIButtonTintColorExample" */;
			buildPhases = (
				A97BEBEA1D2D57A100DF315C /* Sources */,
				A97BEBEB1D2D57A100DF315C /* Frameworks */,
				A97BEBEC1D2D57A100DF315C /* Resources */,
			);
			buildRules = (
			);
			dependencies = (
			);
			name = 07UIButtonTintColorExample;
			productName = 07UIButtonTintColorExample;
			productReference = A97BEBEE1D2D57A100DF315C /* 07UIButtonTintColorExample.app */;
			productType = "com.apple.product-type.application";
		};
/* End PBXNativeTarget section */

/* Begin PBXProject section */
		A97BEBE61D2D57A100DF315C /* Project object */ = {
			isa = PBXProject;
			attributes = {
				LastSwiftUpdateCheck = 0800;
				LastUpgradeCheck = 0800;
				ORGANIZATIONNAME = www.coolketang.com;
				TargetAttributes = {
					A97BEBED1D2D57A100DF315C = {
						CreatedOnToolsVersion = 8.0;
						DevelopmentTeam = 7N52H37G65;
						DevelopmentTeamName = "Beijing Culture Communication Co., Blue  Motion";
						ProvisioningStyle = Automatic;
					};
				};
			};
			buildConfigurationList = A97BEBE91D2D57A100DF315C /* Build configuration list for PBXProject "07UIButtonTintColorExample" */;
			compatibilityVersion = "Xcode 3.2";
			developmentRegion = English;
			hasScannedForEncodings = 0;
			knownRegions = (
				en,
				Base,
			);
			mainGroup = A97BEBE51D2D57A100DF315C;
			productRefGroup = A97BEBEF1D2D57A100DF315C /* Products */;
			projectDirPath = "";
			projectRoot = "";
			targets = (
				A97BEBED1D2D57A100DF315C /* 07UIButtonTintColorExample */,
			);
		};
/* End PBXProject section */

/* Begin PBXResourcesBuildPhase section */
		A97BEBEC1D2D57A100DF315C /* Resources */ = {
			isa = PBXResourcesBuildPhase;
			buildActionMask = 2147483647;
			files = (
				A97BEBFC1D2D57A100DF315C /* LaunchScreen.storyboard in Resources */,
				A97BEC061D2D5E4800DF315C /* btn_floatingAction@3x.png in Resources */,
				A97BEBF91D2D57A100DF315C /* Assets.xcassets in Resources */,
				A97BEBF71D2D57A100DF315C /* Main.storyboard in Resources */,
				A97BEC051D2D5E4800DF315C /* btn_floatingAction@2x.png in Resources */,
			);
			runOnlyForDeploymentPostprocessing = 0;
		};
/* End PBXResourcesBuildPhase section */

/* Begin PBXSourcesBuildPhase section */
		A97BEBEA1D2D57A100DF315C /* Sources */ = {
			isa = PBXSourcesBuildPhase;
			buildActionMask = 2147483647;
			files = (
				A97BEBF41D2D57A100DF315C /* ViewController.swift in Sources */,
				A97BEBF21D2D57A100DF315C /* AppDelegate.swift in Sources */,
			);
			runOnlyForDeploymentPostprocessing = 0;
		};
/* End PBXSourcesBuildPhase section */

/* Begin PBXVariantGroup section */
		A97BEBF51D2D57A100DF315C /* Main.storyboard */ = {
			isa = PBXVariantGroup;
			children = (
				A97BEBF61D2D57A100DF315C /* Base */,
			);
			name = Main.storyboard;
			sourceTree = "<group>";
		};
		A97BEBFA1D2D57A100DF315C /* LaunchScreen.storyboard */ = {
			isa = PBXVariantGroup;
			children = (
				A97BEBFB1D2D57A100DF315C /* Base */,
			);
			name = LaunchScreen.storyboard;
			sourceTree = "<group>";
		};
/* End PBXVariantGroup section */

/* Begin XCBuildConfiguration section */
		A97BEBFE1D2D57A100DF315C /* Debug */ = {
			isa = XCBuildConfiguration;
			buildSettings = {
				ALWAYS_SEARCH_USER_PATHS = NO;
				CLANG_ANALYZER_NONNULL = YES;
				CLANG_CXX_LANGUAGE_STANDARD = "gnu++0x";
				CLANG_CXX_LIBRARY = "libc++";
				CLANG_ENABLE_MODULES = YES;
				CLANG_ENABLE_OBJC_ARC = YES;
				CLANG_WARN_BOOL_CONVERSION = YES;
				CLANG_WARN_CONSTANT_CONVERSION = YES;
				CLANG_WARN_DIRECT_OBJC_ISA_USAGE = YES_ERROR;
				CLANG_WARN_DOCUMENTATION_COMMENTS = YES;
				CLANG_WARN_EMPTY_BODY = YES;
				CLANG_WARN_ENUM_CONVERSION = YES;
				CLANG_WARN_INT_CONVERSION = YES;
				CLANG_WARN_OBJC_ROOT_CLASS = YES_ERROR;
				CLANG_WARN_UNREACHABLE_CODE = YES;
				CLANG_WARN__DUPLICATE_METHOD_MATCH = YES;
				"CODE_SIGN_IDENTITY[sdk=iphoneos*]" = "iPhone Developer";
				COPY_PHASE_STRIP = NO;
				DEBUG_INFORMATION_FORMAT = dwarf;
				ENABLE_STRICT_OBJC_MSGSEND = YES;
				ENABLE_TESTABILITY = YES;
				GCC_C_LANGUAGE_STANDARD = gnu99;
				GCC_DYNAMIC_NO_PIC = NO;
				GCC_NO_COMMON_BLOCKS = YES;
				GCC_OPTIMIZATION_LEVEL = 0;
				GCC_PREPROCESSOR_DEFINITIONS = (
					"DEBUG=1",
					"$(inherited)",
				);
				GCC_WARN_64_TO_32_BIT_CONVERSION = YES;
				GCC_WARN_ABOUT_RETURN_TYPE = YES_ERROR;
				GCC_WARN_UNDECLARED_SELECTOR = YES;
				GCC_WARN_UNINITIALIZED_AUTOS = YES_AGGRESSIVE;
				GCC_WARN_UNUSED_FUNCTION = YES;
				GCC_WARN_UNUSED_VARIABLE = YES;
				IPHONEOS_DEPLOYMENT_TARGET = 10.0;
				MTL_ENABLE_DEBUG_INFO = YES;
				ONLY_ACTIVE_ARCH = YES;
				SDKROOT = iphoneos;
				SWIFT_ACTIVE_COMPILATION_CONDITIONS = DEBUG;
				SWIFT_OPTIMIZATION_LEVEL = "-Onone";
			};
			name = Debug;
		};
		A97BEBFF1D2D57A100DF315C /* Release */ = {
			isa = XCBuildConfiguration;
			buildSettings = {
				ALWAYS_SEARCH_USER_PATHS = NO;
				CLANG_ANALYZER_NONNULL = YES;
				CLANG_CXX_LANGUAGE_STANDARD = "gnu++0x";
				CLANG_CXX_LIBRARY = "libc++";
				CLANG_ENABLE_MODULES = YES;
				CLANG_ENABLE_OBJC_ARC = YES;
				CLANG_WARN_BOOL_CONVERSION = YES;
				CLANG_WARN_CONSTANT_CONVERSION = YES;
				CLANG_WARN_DIRECT_OBJC_ISA_USAGE = YES_ERROR;
				CLANG_WARN_DOCUMENTATION_COMMENTS = YES;
				CLANG_WARN_EMPTY_BODY = YES;
				CLANG_WARN_ENUM_CONVERSION = YES;
				CLANG_WARN_INT_CONVERSION = YES;
				CLANG_WARN_OBJC_ROOT_CLASS = YES_ERROR;
				CLANG_WARN_UNREACHABLE_CODE = YES;
				CLANG_WARN__DUPLICATE_METHOD_MATCH = YES;
				"CODE_SIGN_IDENTITY[sdk=iphoneos*]" = "iPhone Developer";
				COPY_PHASE_STRIP = NO;
				DEBUG_INFORMATION_FORMAT = "dwarf-with-dsym";
				ENABLE_NS_ASSERTIONS = NO;
				ENABLE_STRICT_OBJC_MSGSEND = YES;
				GCC_C_LANGUAGE_STANDARD = gnu99;
				GCC_NO_COMMON_BLOCKS = YES;
				GCC_WARN_64_TO_32_BIT_CONVERSION = YES;
				GCC_WARN_ABOUT_RETURN_TYPE = YES_ERROR;
				GCC_WARN_UNDECLARED_SELECTOR = YES;
				GCC_WARN_UNINITIALIZED_AUTOS = YES_AGGRESSIVE;
				GCC_WARN_UNUSED_FUNCTION = YES;
				GCC_WARN_UNUSED_VARIABLE = YES;
				IPHONEOS_DEPLOYMENT_TARGET = 10.0;
				MTL_ENABLE_DEBUG_INFO = NO;
				SDKROOT = iphoneos;
				SWIFT_OPTIMIZATION_LEVEL = "-Owholemodule";
				VALIDATE_PRODUCT = YES;
			};
			name = Release;
		};
		A97BEC011D2D57A100DF315C /* Debug */ = {
			isa = XCBuildConfiguration;
			buildSettings = {
				ASSETCATALOG_COMPILER_APPICON_NAME = AppIcon;
				INFOPLIST_FILE = 07UIButtonTintColorExample/Info.plist;
				IPHONEOS_DEPLOYMENT_TARGET = 8.0;
				LD_RUNPATH_SEARCH_PATHS = "$(inherited) @executable_path/Frameworks";
				PRODUCT_BUNDLE_IDENTIFIER = "com.creditease.-7UIButtonTintColorExample";
				PRODUCT_NAME = "$(TARGET_NAME)";
				SWIFT_VERSION = 3.0;
			};
			name = Debug;
		};
		A97BEC021D2D57A100DF315C /* Release */ = {
			isa = XCBuildConfiguration;
			buildSettings = {
				ASSETCATALOG_COMPILER_APPICON_NAME = AppIcon;
				INFOPLIST_FILE = 07UIButtonTintColorExample/Info.plist;
				IPHONEOS_DEPLOYMENT_TARGET = 8.0;
				LD_RUNPATH_SEARCH_PATHS = "$(inherited) @executable_path/Frameworks";
				PRODUCT_BUNDLE_IDENTIFIER = "com.creditease.-7UIButtonTintColorExample";
				PRODUCT_NAME = "$(TARGET_NAME)";
				SWIFT_VERSION = 3.0;
			};
			name = Release;
		};
/* End XCBuildConfiguration section */

/* Begin XCConfigurationList section */
		A97BEBE91D2D57A100DF315C /* Build configuration list for PBXProject "07UIButtonTintColorExample" */ = {
			isa = XCConfigurationList;
			buildConfigurations = (
				A97BEBFE1D2D57A100DF315C /* Debug */,
				A97BEBFF1D2D57A100DF315C /* Release */,
			);
			defaultConfigurationIsVisible = 0;
			defaultConfigurationName = Release;
		};
		A97BEC001D2D57A100DF315C /* Build configuration list for PBXNativeTarget "07UIButtonTintColorExample" */ = {
			isa = XCConfigurationList;
			buildConfigurations = (
				A97BEC011D2D57A100DF315C /* Debug */,
				A97BEC021D2D57A100DF315C /* Release */,
			);
			defaultConfigurationIsVisible = 0;
		};
/* End XCConfigurationList section */
	};
	rootObject = A97BEBE61D2D57A100DF315C /* Project object */;
}
